// !$*UTF8*$!
{
	archiveVersion = 1;
	classes = {
	};
	objectVersion = 50;
	objects = {

/* Begin PBXBuildFile section */
		26A4DB78213EAC0D00F91964 /* CheckMarkViewCell.swift in Sources */ = {isa = PBXBuildFile; fileRef = 26A4DB74213EAC0D00F91964 /* CheckMarkViewCell.swift */; };
		26A4DB79213EAC0D00F91964 /* CheckMarkViewCell.xib in Resources */ = {isa = PBXBuildFile; fileRef = 26A4DB75213EAC0D00F91964 /* CheckMarkViewCell.xib */; };
		26A4DB7A213EAC0D00F91964 /* DetailViewController.swift in Sources */ = {isa = PBXBuildFile; fileRef = 26A4DB76213EAC0D00F91964 /* DetailViewController.swift */; };
		26A4DB7B213EAC0D00F91964 /* TestViewController.swift in Sources */ = {isa = PBXBuildFile; fileRef = 26A4DB77213EAC0D00F91964 /* TestViewController.swift */; };
		26A4DB7D213EAC3400F91964 /* Vanessa.storyboard in Resources */ = {isa = PBXBuildFile; fileRef = 26A4DB7C213EAC3400F91964 /* Vanessa.storyboard */; };
		26A4DB7F213EAC3E00F91964 /* ViewController.swift in Sources */ = {isa = PBXBuildFile; fileRef = 26A4DB7E213EAC3E00F91964 /* ViewController.swift */; };
		45292418213F585D005947D3 /* HomeDetailViewController.swift in Sources */ = {isa = PBXBuildFile; fileRef = 45292417213F585D005947D3 /* HomeDetailViewController.swift */; };
		4529241A213F5E12005947D3 /* PostApplicationViewController.swift in Sources */ = {isa = PBXBuildFile; fileRef = 45292419213F5E12005947D3 /* PostApplicationViewController.swift */; };
		452A6D80213E4FC90080D7D3 /* Activity.swift in Sources */ = {isa = PBXBuildFile; fileRef = 452A6D7F213E4FC90080D7D3 /* Activity.swift */; };
		452A6D82213E93AA0080D7D3 /* ProfileViewController.swift in Sources */ = {isa = PBXBuildFile; fileRef = 452A6D81213E93AA0080D7D3 /* ProfileViewController.swift */; };
		850668A6213D812000100DB7 /* LoginViewController.swift in Sources */ = {isa = PBXBuildFile; fileRef = 850668A4213D812000100DB7 /* LoginViewController.swift */; };
		850668A7213D812000100DB7 /* SignIn.storyboard in Resources */ = {isa = PBXBuildFile; fileRef = 850668A5213D812000100DB7 /* SignIn.storyboard */; };
		850668BC213D867F00100DB7 /* Assets.xcassets in Resources */ = {isa = PBXBuildFile; fileRef = 850668BA213D867F00100DB7 /* Assets.xcassets */; };
		850668BD213D867F00100DB7 /* AppDelegate.swift in Sources */ = {isa = PBXBuildFile; fileRef = 850668BB213D867F00100DB7 /* AppDelegate.swift */; };
		8539324A213E08A300936825 /* GradientView.swift in Sources */ = {isa = PBXBuildFile; fileRef = 85393248213E08A300936825 /* GradientView.swift */; };
		8539324D213E139400936825 /* BaseSignUpViewController.swift in Sources */ = {isa = PBXBuildFile; fileRef = 8539324C213E139400936825 /* BaseSignUpViewController.swift */; };
		85396197213EE678009562A2 /* NotificationManager.swift in Sources */ = {isa = PBXBuildFile; fileRef = 85396196213EE678009562A2 /* NotificationManager.swift */; };
		85A6318B213E23E7002EECB2 /* SignUpFullNameVC.swift in Sources */ = {isa = PBXBuildFile; fileRef = 85A6318A213E23E7002EECB2 /* SignUpFullNameVC.swift */; };
		85A6318D213E240C002EECB2 /* SignUpEmailVC.swift in Sources */ = {isa = PBXBuildFile; fileRef = 85A6318C213E240C002EECB2 /* SignUpEmailVC.swift */; };
		85A6318F213E2425002EECB2 /* SignUpPasswordVC.swift in Sources */ = {isa = PBXBuildFile; fileRef = 85A6318E213E2425002EECB2 /* SignUpPasswordVC.swift */; };
		85A63191213E2430002EECB2 /* SignUpGenderVC.swift in Sources */ = {isa = PBXBuildFile; fileRef = 85A63190213E2430002EECB2 /* SignUpGenderVC.swift */; };
		85A63193213E2442002EECB2 /* SignUpBirthdateVC.swift in Sources */ = {isa = PBXBuildFile; fileRef = 85A63192213E2442002EECB2 /* SignUpBirthdateVC.swift */; };
		85A63195213E253A002EECB2 /* SignUpLastVC.swift in Sources */ = {isa = PBXBuildFile; fileRef = 85A63194213E253A002EECB2 /* SignUpLastVC.swift */; };
		85A63197213E2639002EECB2 /* UserInfo.swift in Sources */ = {isa = PBXBuildFile; fileRef = 85A63196213E2639002EECB2 /* UserInfo.swift */; };
		85A631A1213E4E1C002EECB2 /* NotificationTableViewCell.xib in Resources */ = {isa = PBXBuildFile; fileRef = 85A6319C213E4E1B002EECB2 /* NotificationTableViewCell.xib */; };
		85A631A2213E4E1C002EECB2 /* NotificationTableViewController.swift in Sources */ = {isa = PBXBuildFile; fileRef = 85A6319D213E4E1B002EECB2 /* NotificationTableViewController.swift */; };
		85A631A3213E4E1C002EECB2 /* NotificationTableViewCell.swift in Sources */ = {isa = PBXBuildFile; fileRef = 85A6319E213E4E1B002EECB2 /* NotificationTableViewCell.swift */; };
		85A631A4213E4E1C002EECB2 /* NotificationTableViewController.xib in Resources */ = {isa = PBXBuildFile; fileRef = 85A6319F213E4E1B002EECB2 /* NotificationTableViewController.xib */; };
		85A631A5213E4E1C002EECB2 /* NotificationItem.swift in Sources */ = {isa = PBXBuildFile; fileRef = 85A631A0213E4E1C002EECB2 /* NotificationItem.swift */; };
		85A631A9213E4ED3002EECB2 /* DummyData.swift in Sources */ = {isa = PBXBuildFile; fileRef = 85A631A8213E4ED3002EECB2 /* DummyData.swift */; };
		85A631AB213E5CBA002EECB2 /* SignUpPageViewController.swift in Sources */ = {isa = PBXBuildFile; fileRef = 85A631AA213E5CBA002EECB2 /* SignUpPageViewController.swift */; };
		85A631AD213E82E2002EECB2 /* HopeTextField.swift in Sources */ = {isa = PBXBuildFile; fileRef = 85A631AC213E82E2002EECB2 /* HopeTextField.swift */; };
		85A631AF213E9B9D002EECB2 /* Extensions.swift in Sources */ = {isa = PBXBuildFile; fileRef = 85A631AE213E9B9D002EECB2 /* Extensions.swift */; };
		85A631B1213EB71A002EECB2 /* NotificationEmbededViewController.swift in Sources */ = {isa = PBXBuildFile; fileRef = 85A631B0213EB71A002EECB2 /* NotificationEmbededViewController.swift */; };
		BA17FF2B213D4ADD00B8B228 /* Hope_A_Thon.xcdatamodeld in Sources */ = {isa = PBXBuildFile; fileRef = BA17FF29213D4ADD00B8B228 /* Hope_A_Thon.xcdatamodeld */; };
		BAEAD611213E6619004FE7EC /* SearchViewController.swift in Sources */ = {isa = PBXBuildFile; fileRef = BAEAD609213E6619004FE7EC /* SearchViewController.swift */; };
		BAEAD612213E6619004FE7EC /* BookmarkTableViewCell.swift in Sources */ = {isa = PBXBuildFile; fileRef = BAEAD60A213E6619004FE7EC /* BookmarkTableViewCell.swift */; };
		BAEAD613213E6619004FE7EC /* HomeTableViewCell.swift in Sources */ = {isa = PBXBuildFile; fileRef = BAEAD60B213E6619004FE7EC /* HomeTableViewCell.swift */; };
		BAEAD614213E6619004FE7EC /* BookmarkViewController.swift in Sources */ = {isa = PBXBuildFile; fileRef = BAEAD60C213E6619004FE7EC /* BookmarkViewController.swift */; };
		BAEAD615213E6619004FE7EC /* ActivityViewController.swift in Sources */ = {isa = PBXBuildFile; fileRef = BAEAD60D213E6619004FE7EC /* ActivityViewController.swift */; };
		BAEAD616213E6619004FE7EC /* HomeViewController.swift in Sources */ = {isa = PBXBuildFile; fileRef = BAEAD60E213E6619004FE7EC /* HomeViewController.swift */; };
		BAEAD617213E6619004FE7EC /* ActivityTableViewCell.swift in Sources */ = {isa = PBXBuildFile; fileRef = BAEAD60F213E6619004FE7EC /* ActivityTableViewCell.swift */; };
		BAEAD618213E6619004FE7EC /* SearchTableViewCell.swift in Sources */ = {isa = PBXBuildFile; fileRef = BAEAD610213E6619004FE7EC /* SearchTableViewCell.swift */; };
		BAEAD62F213E66A1004FE7EC /* Search.storyboard in Resources */ = {isa = PBXBuildFile; fileRef = BAEAD628213E66A0004FE7EC /* Search.storyboard */; };
		BAEAD630213E66A1004FE7EC /* Activity.storyboard in Resources */ = {isa = PBXBuildFile; fileRef = BAEAD629213E66A1004FE7EC /* Activity.storyboard */; };
		BAEAD631213E66A1004FE7EC /* Bookmark.storyboard in Resources */ = {isa = PBXBuildFile; fileRef = BAEAD62A213E66A1004FE7EC /* Bookmark.storyboard */; };
		BAEAD632213E66A1004FE7EC /* Profile.storyboard in Resources */ = {isa = PBXBuildFile; fileRef = BAEAD62B213E66A1004FE7EC /* Profile.storyboard */; };
		BAEAD633213E66A1004FE7EC /* Home.storyboard in Resources */ = {isa = PBXBuildFile; fileRef = BAEAD62C213E66A1004FE7EC /* Home.storyboard */; };
		BAEAD634213E66A1004FE7EC /* LaunchScreen.storyboard in Resources */ = {isa = PBXBuildFile; fileRef = BAEAD62D213E66A1004FE7EC /* LaunchScreen.storyboard */; };
		BAEAD635213E66A1004FE7EC /* Main.storyboard in Resources */ = {isa = PBXBuildFile; fileRef = BAEAD62E213E66A1004FE7EC /* Main.storyboard */; };
		BAEAD637213E7447004FE7EC /* UrgentPageViewController.swift in Sources */ = {isa = PBXBuildFile; fileRef = BAEAD636213E7447004FE7EC /* UrgentPageViewController.swift */; };
		BAEAD639213E745C004FE7EC /* UrgentViewController.swift in Sources */ = {isa = PBXBuildFile; fileRef = BAEAD638213E745C004FE7EC /* UrgentViewController.swift */; };
		BAEAD63B213F104B004FE7EC /* ActivityDetailViewController.swift in Sources */ = {isa = PBXBuildFile; fileRef = BAEAD63A213F104B004FE7EC /* ActivityDetailViewController.swift */; };
/* End PBXBuildFile section */

/* Begin PBXFileReference section */
		26A4DB74213EAC0D00F91964 /* CheckMarkViewCell.swift */ = {isa = PBXFileReference; fileEncoding = 4; lastKnownFileType = sourcecode.swift; path = CheckMarkViewCell.swift; sourceTree = "<group>"; };
		26A4DB75213EAC0D00F91964 /* CheckMarkViewCell.xib */ = {isa = PBXFileReference; fileEncoding = 4; lastKnownFileType = file.xib; path = CheckMarkViewCell.xib; sourceTree = "<group>"; };
		26A4DB76213EAC0D00F91964 /* DetailViewController.swift */ = {isa = PBXFileReference; fileEncoding = 4; lastKnownFileType = sourcecode.swift; path = DetailViewController.swift; sourceTree = "<group>"; };
		26A4DB77213EAC0D00F91964 /* TestViewController.swift */ = {isa = PBXFileReference; fileEncoding = 4; lastKnownFileType = sourcecode.swift; path = TestViewController.swift; sourceTree = "<group>"; };
		26A4DB7C213EAC3400F91964 /* Vanessa.storyboard */ = {isa = PBXFileReference; fileEncoding = 4; lastKnownFileType = file.storyboard; path = Vanessa.storyboard; sourceTree = "<group>"; };
		26A4DB7E213EAC3E00F91964 /* ViewController.swift */ = {isa = PBXFileReference; fileEncoding = 4; lastKnownFileType = sourcecode.swift; path = ViewController.swift; sourceTree = "<group>"; };
		45292417213F585D005947D3 /* HomeDetailViewController.swift */ = {isa = PBXFileReference; lastKnownFileType = sourcecode.swift; path = HomeDetailViewController.swift; sourceTree = "<group>"; };
		45292419213F5E12005947D3 /* PostApplicationViewController.swift */ = {isa = PBXFileReference; lastKnownFileType = sourcecode.swift; path = PostApplicationViewController.swift; sourceTree = "<group>"; };
		452A6D7F213E4FC90080D7D3 /* Activity.swift */ = {isa = PBXFileReference; fileEncoding = 4; lastKnownFileType = sourcecode.swift; path = Activity.swift; sourceTree = "<group>"; };
		452A6D81213E93AA0080D7D3 /* ProfileViewController.swift */ = {isa = PBXFileReference; fileEncoding = 4; lastKnownFileType = sourcecode.swift; path = ProfileViewController.swift; sourceTree = "<group>"; };
		850668A4213D812000100DB7 /* LoginViewController.swift */ = {isa = PBXFileReference; fileEncoding = 4; lastKnownFileType = sourcecode.swift; path = LoginViewController.swift; sourceTree = "<group>"; };
		850668A5213D812000100DB7 /* SignIn.storyboard */ = {isa = PBXFileReference; fileEncoding = 4; lastKnownFileType = file.storyboard; path = SignIn.storyboard; sourceTree = "<group>"; };
		850668BA213D867F00100DB7 /* Assets.xcassets */ = {isa = PBXFileReference; lastKnownFileType = folder.assetcatalog; path = Assets.xcassets; sourceTree = "<group>"; };
		850668BB213D867F00100DB7 /* AppDelegate.swift */ = {isa = PBXFileReference; fileEncoding = 4; lastKnownFileType = sourcecode.swift; path = AppDelegate.swift; sourceTree = "<group>"; };
		85393248213E08A300936825 /* GradientView.swift */ = {isa = PBXFileReference; fileEncoding = 4; lastKnownFileType = sourcecode.swift; path = GradientView.swift; sourceTree = "<group>"; };
		8539324C213E139400936825 /* BaseSignUpViewController.swift */ = {isa = PBXFileReference; lastKnownFileType = sourcecode.swift; path = BaseSignUpViewController.swift; sourceTree = "<group>"; };
		85396196213EE678009562A2 /* NotificationManager.swift */ = {isa = PBXFileReference; lastKnownFileType = sourcecode.swift; path = NotificationManager.swift; sourceTree = "<group>"; };
		85A6318A213E23E7002EECB2 /* SignUpFullNameVC.swift */ = {isa = PBXFileReference; lastKnownFileType = sourcecode.swift; path = SignUpFullNameVC.swift; sourceTree = "<group>"; };
		85A6318C213E240C002EECB2 /* SignUpEmailVC.swift */ = {isa = PBXFileReference; lastKnownFileType = sourcecode.swift; path = SignUpEmailVC.swift; sourceTree = "<group>"; };
		85A6318E213E2425002EECB2 /* SignUpPasswordVC.swift */ = {isa = PBXFileReference; lastKnownFileType = sourcecode.swift; path = SignUpPasswordVC.swift; sourceTree = "<group>"; };
		85A63190213E2430002EECB2 /* SignUpGenderVC.swift */ = {isa = PBXFileReference; lastKnownFileType = sourcecode.swift; path = SignUpGenderVC.swift; sourceTree = "<group>"; };
		85A63192213E2442002EECB2 /* SignUpBirthdateVC.swift */ = {isa = PBXFileReference; lastKnownFileType = sourcecode.swift; path = SignUpBirthdateVC.swift; sourceTree = "<group>"; };
		85A63194213E253A002EECB2 /* SignUpLastVC.swift */ = {isa = PBXFileReference; lastKnownFileType = sourcecode.swift; path = SignUpLastVC.swift; sourceTree = "<group>"; };
		85A63196213E2639002EECB2 /* UserInfo.swift */ = {isa = PBXFileReference; lastKnownFileType = sourcecode.swift; path = UserInfo.swift; sourceTree = "<group>"; };
		85A6319C213E4E1B002EECB2 /* NotificationTableViewCell.xib */ = {isa = PBXFileReference; fileEncoding = 4; lastKnownFileType = file.xib; path = NotificationTableViewCell.xib; sourceTree = "<group>"; };
		85A6319D213E4E1B002EECB2 /* NotificationTableViewController.swift */ = {isa = PBXFileReference; fileEncoding = 4; lastKnownFileType = sourcecode.swift; path = NotificationTableViewController.swift; sourceTree = "<group>"; };
		85A6319E213E4E1B002EECB2 /* NotificationTableViewCell.swift */ = {isa = PBXFileReference; fileEncoding = 4; lastKnownFileType = sourcecode.swift; path = NotificationTableViewCell.swift; sourceTree = "<group>"; };
		85A6319F213E4E1B002EECB2 /* NotificationTableViewController.xib */ = {isa = PBXFileReference; fileEncoding = 4; lastKnownFileType = file.xib; path = NotificationTableViewController.xib; sourceTree = "<group>"; };
		85A631A0213E4E1C002EECB2 /* NotificationItem.swift */ = {isa = PBXFileReference; fileEncoding = 4; lastKnownFileType = sourcecode.swift; path = NotificationItem.swift; sourceTree = "<group>"; };
		85A631A8213E4ED3002EECB2 /* DummyData.swift */ = {isa = PBXFileReference; fileEncoding = 4; lastKnownFileType = sourcecode.swift; path = DummyData.swift; sourceTree = "<group>"; };
		85A631AA213E5CBA002EECB2 /* SignUpPageViewController.swift */ = {isa = PBXFileReference; lastKnownFileType = sourcecode.swift; path = SignUpPageViewController.swift; sourceTree = "<group>"; };
		85A631AC213E82E2002EECB2 /* HopeTextField.swift */ = {isa = PBXFileReference; lastKnownFileType = sourcecode.swift; path = HopeTextField.swift; sourceTree = "<group>"; };
		85A631AE213E9B9D002EECB2 /* Extensions.swift */ = {isa = PBXFileReference; lastKnownFileType = sourcecode.swift; path = Extensions.swift; sourceTree = "<group>"; };
		85A631B0213EB71A002EECB2 /* NotificationEmbededViewController.swift */ = {isa = PBXFileReference; lastKnownFileType = sourcecode.swift; path = NotificationEmbededViewController.swift; sourceTree = "<group>"; };
		BA17FF1F213D4ADD00B8B228 /* Hope-A-Thon.app */ = {isa = PBXFileReference; explicitFileType = wrapper.application; includeInIndex = 0; path = "Hope-A-Thon.app"; sourceTree = BUILT_PRODUCTS_DIR; };
		BA17FF2A213D4ADD00B8B228 /* Hope_A_Thon.xcdatamodel */ = {isa = PBXFileReference; lastKnownFileType = wrapper.xcdatamodel; path = Hope_A_Thon.xcdatamodel; sourceTree = "<group>"; };
		BA17FF31213D4ADF00B8B228 /* Info.plist */ = {isa = PBXFileReference; lastKnownFileType = text.plist.xml; path = Info.plist; sourceTree = "<group>"; };
		BAEAD609213E6619004FE7EC /* SearchViewController.swift */ = {isa = PBXFileReference; fileEncoding = 4; lastKnownFileType = sourcecode.swift; path = SearchViewController.swift; sourceTree = "<group>"; };
		BAEAD60A213E6619004FE7EC /* BookmarkTableViewCell.swift */ = {isa = PBXFileReference; fileEncoding = 4; lastKnownFileType = sourcecode.swift; path = BookmarkTableViewCell.swift; sourceTree = "<group>"; };
		BAEAD60B213E6619004FE7EC /* HomeTableViewCell.swift */ = {isa = PBXFileReference; fileEncoding = 4; lastKnownFileType = sourcecode.swift; path = HomeTableViewCell.swift; sourceTree = "<group>"; };
		BAEAD60C213E6619004FE7EC /* BookmarkViewController.swift */ = {isa = PBXFileReference; fileEncoding = 4; lastKnownFileType = sourcecode.swift; path = BookmarkViewController.swift; sourceTree = "<group>"; };
		BAEAD60D213E6619004FE7EC /* ActivityViewController.swift */ = {isa = PBXFileReference; fileEncoding = 4; lastKnownFileType = sourcecode.swift; path = ActivityViewController.swift; sourceTree = "<group>"; };
		BAEAD60E213E6619004FE7EC /* HomeViewController.swift */ = {isa = PBXFileReference; fileEncoding = 4; lastKnownFileType = sourcecode.swift; path = HomeViewController.swift; sourceTree = "<group>"; };
		BAEAD60F213E6619004FE7EC /* ActivityTableViewCell.swift */ = {isa = PBXFileReference; fileEncoding = 4; lastKnownFileType = sourcecode.swift; path = ActivityTableViewCell.swift; sourceTree = "<group>"; };
		BAEAD610213E6619004FE7EC /* SearchTableViewCell.swift */ = {isa = PBXFileReference; fileEncoding = 4; lastKnownFileType = sourcecode.swift; path = SearchTableViewCell.swift; sourceTree = "<group>"; };
		BAEAD628213E66A0004FE7EC /* Search.storyboard */ = {isa = PBXFileReference; fileEncoding = 4; lastKnownFileType = file.storyboard; path = Search.storyboard; sourceTree = "<group>"; };
		BAEAD629213E66A1004FE7EC /* Activity.storyboard */ = {isa = PBXFileReference; fileEncoding = 4; lastKnownFileType = file.storyboard; path = Activity.storyboard; sourceTree = "<group>"; };
		BAEAD62A213E66A1004FE7EC /* Bookmark.storyboard */ = {isa = PBXFileReference; fileEncoding = 4; lastKnownFileType = file.storyboard; path = Bookmark.storyboard; sourceTree = "<group>"; };
		BAEAD62B213E66A1004FE7EC /* Profile.storyboard */ = {isa = PBXFileReference; fileEncoding = 4; lastKnownFileType = file.storyboard; path = Profile.storyboard; sourceTree = "<group>"; };
		BAEAD62C213E66A1004FE7EC /* Home.storyboard */ = {isa = PBXFileReference; fileEncoding = 4; lastKnownFileType = file.storyboard; path = Home.storyboard; sourceTree = "<group>"; };
		BAEAD62D213E66A1004FE7EC /* LaunchScreen.storyboard */ = {isa = PBXFileReference; fileEncoding = 4; lastKnownFileType = file.storyboard; path = LaunchScreen.storyboard; sourceTree = "<group>"; };
		BAEAD62E213E66A1004FE7EC /* Main.storyboard */ = {isa = PBXFileReference; fileEncoding = 4; lastKnownFileType = file.storyboard; path = Main.storyboard; sourceTree = "<group>"; };
		BAEAD636213E7447004FE7EC /* UrgentPageViewController.swift */ = {isa = PBXFileReference; lastKnownFileType = sourcecode.swift; path = UrgentPageViewController.swift; sourceTree = "<group>"; };
		BAEAD638213E745C004FE7EC /* UrgentViewController.swift */ = {isa = PBXFileReference; lastKnownFileType = sourcecode.swift; path = UrgentViewController.swift; sourceTree = "<group>"; };
		BAEAD63A213F104B004FE7EC /* ActivityDetailViewController.swift */ = {isa = PBXFileReference; lastKnownFileType = sourcecode.swift; path = ActivityDetailViewController.swift; sourceTree = "<group>"; };
/* End PBXFileReference section */

/* Begin PBXFrameworksBuildPhase section */
		BA17FF1C213D4ADD00B8B228 /* Frameworks */ = {
			isa = PBXFrameworksBuildPhase;
			buildActionMask = 2147483647;
			files = (
			);
			runOnlyForDeploymentPostprocessing = 0;
		};
/* End PBXFrameworksBuildPhase section */

/* Begin PBXGroup section */
		26A4DB73213EABE800F91964 /* Vanessa */ = {
			isa = PBXGroup;
			children = (
				26A4DB7E213EAC3E00F91964 /* ViewController.swift */,
				26A4DB7C213EAC3400F91964 /* Vanessa.storyboard */,
				26A4DB74213EAC0D00F91964 /* CheckMarkViewCell.swift */,
				26A4DB75213EAC0D00F91964 /* CheckMarkViewCell.xib */,
				26A4DB76213EAC0D00F91964 /* DetailViewController.swift */,
				26A4DB77213EAC0D00F91964 /* TestViewController.swift */,
			);
			path = Vanessa;
			sourceTree = "<group>";
		};
		850668A3213D812000100DB7 /* Login & Signup */ = {
			isa = PBXGroup;
			children = (
				850668A4213D812000100DB7 /* LoginViewController.swift */,
				850668A5213D812000100DB7 /* SignIn.storyboard */,
				8539324C213E139400936825 /* BaseSignUpViewController.swift */,
				85A6318A213E23E7002EECB2 /* SignUpFullNameVC.swift */,
				85A6318C213E240C002EECB2 /* SignUpEmailVC.swift */,
				85A6318E213E2425002EECB2 /* SignUpPasswordVC.swift */,
				85A63190213E2430002EECB2 /* SignUpGenderVC.swift */,
				85A63192213E2442002EECB2 /* SignUpBirthdateVC.swift */,
				85A63194213E253A002EECB2 /* SignUpLastVC.swift */,
				85A631AA213E5CBA002EECB2 /* SignUpPageViewController.swift */,
				85A631AC213E82E2002EECB2 /* HopeTextField.swift */,
				85A631AE213E9B9D002EECB2 /* Extensions.swift */,
			);
			path = "Login & Signup";
			sourceTree = "<group>";
		};
		850668B9213D867F00100DB7 /* Additional */ = {
			isa = PBXGroup;
			children = (
				850668BA213D867F00100DB7 /* Assets.xcassets */,
				850668BB213D867F00100DB7 /* AppDelegate.swift */,
			);
			path = Additional;
			sourceTree = "<group>";
		};
		BA17FF16213D4ADD00B8B228 = {
			isa = PBXGroup;
			children = (
				BA17FF21213D4ADD00B8B228 /* Hope-A-Thon */,
				BA17FF20213D4ADD00B8B228 /* Products */,
			);
			sourceTree = "<group>";
		};
		BA17FF20213D4ADD00B8B228 /* Products */ = {
			isa = PBXGroup;
			children = (
				BA17FF1F213D4ADD00B8B228 /* Hope-A-Thon.app */,
			);
			name = Products;
			sourceTree = "<group>";
		};
		BA17FF21213D4ADD00B8B228 /* Hope-A-Thon */ = {
			isa = PBXGroup;
			children = (
				85A631A0213E4E1C002EECB2 /* NotificationItem.swift */,
				85A6319E213E4E1B002EECB2 /* NotificationTableViewCell.swift */,
				85A6319C213E4E1B002EECB2 /* NotificationTableViewCell.xib */,
				85A6319D213E4E1B002EECB2 /* NotificationTableViewController.swift */,
				85A6319F213E4E1B002EECB2 /* NotificationTableViewController.xib */,
				85A631A8213E4ED3002EECB2 /* DummyData.swift */,
				85396196213EE678009562A2 /* NotificationManager.swift */,
				85A631B0213EB71A002EECB2 /* NotificationEmbededViewController.swift */,
				26A4DB73213EABE800F91964 /* Vanessa */,
				850668B9213D867F00100DB7 /* Additional */,
				850668A3213D812000100DB7 /* Login & Signup */,
				BA716A56213D54F500B979D2 /* Model */,
				BAEAD627213E6694004FE7EC /* View */,
				BAEAD608213E6619004FE7EC /* Controller */,
				BA17FF31213D4ADF00B8B228 /* Info.plist */,
				BA17FF29213D4ADD00B8B228 /* Hope_A_Thon.xcdatamodeld */,
			);
			path = "Hope-A-Thon";
			sourceTree = "<group>";
		};
		BA716A56213D54F500B979D2 /* Model */ = {
			isa = PBXGroup;
			children = (
				452A6D7F213E4FC90080D7D3 /* Activity.swift */,
				85393248213E08A300936825 /* GradientView.swift */,
				85A63196213E2639002EECB2 /* UserInfo.swift */,
			);
			path = Model;
			sourceTree = "<group>";
		};
		BAEAD608213E6619004FE7EC /* Controller */ = {
			isa = PBXGroup;
			children = (
				452A6D81213E93AA0080D7D3 /* ProfileViewController.swift */,
				BAEAD60E213E6619004FE7EC /* HomeViewController.swift */,
				BAEAD60B213E6619004FE7EC /* HomeTableViewCell.swift */,
				45292417213F585D005947D3 /* HomeDetailViewController.swift */,
				BAEAD636213E7447004FE7EC /* UrgentPageViewController.swift */,
				BAEAD638213E745C004FE7EC /* UrgentViewController.swift */,
				BAEAD60C213E6619004FE7EC /* BookmarkViewController.swift */,
				BAEAD60A213E6619004FE7EC /* BookmarkTableViewCell.swift */,
				BAEAD60D213E6619004FE7EC /* ActivityViewController.swift */,
				BAEAD60F213E6619004FE7EC /* ActivityTableViewCell.swift */,
				BAEAD63A213F104B004FE7EC /* ActivityDetailViewController.swift */,
				BAEAD609213E6619004FE7EC /* SearchViewController.swift */,
				BAEAD610213E6619004FE7EC /* SearchTableViewCell.swift */,
				45292419213F5E12005947D3 /* PostApplicationViewController.swift */,
			);
			path = Controller;
			sourceTree = "<group>";
		};
		BAEAD627213E6694004FE7EC /* View */ = {
			isa = PBXGroup;
			children = (
				BAEAD629213E66A1004FE7EC /* Activity.storyboard */,
				BAEAD62A213E66A1004FE7EC /* Bookmark.storyboard */,
				BAEAD62C213E66A1004FE7EC /* Home.storyboard */,
				BAEAD62D213E66A1004FE7EC /* LaunchScreen.storyboard */,
				BAEAD62E213E66A1004FE7EC /* Main.storyboard */,
				BAEAD62B213E66A1004FE7EC /* Profile.storyboard */,
				BAEAD628213E66A0004FE7EC /* Search.storyboard */,
			);
			path = View;
			sourceTree = "<group>";
		};
/* End PBXGroup section */

/* Begin PBXNativeTarget section */
		BA17FF1E213D4ADD00B8B228 /* Hope-A-Thon */ = {
			isa = PBXNativeTarget;
			buildConfigurationList = BA17FF34213D4ADF00B8B228 /* Build configuration list for PBXNativeTarget "Hope-A-Thon" */;
			buildPhases = (
				BA17FF1B213D4ADD00B8B228 /* Sources */,
				BA17FF1C213D4ADD00B8B228 /* Frameworks */,
				BA17FF1D213D4ADD00B8B228 /* Resources */,
			);
			buildRules = (
			);
			dependencies = (
			);
			name = "Hope-A-Thon";
			productName = "Hope-A-Thon";
			productReference = BA17FF1F213D4ADD00B8B228 /* Hope-A-Thon.app */;
			productType = "com.apple.product-type.application";
		};
/* End PBXNativeTarget section */

/* Begin PBXProject section */
		BA17FF17213D4ADD00B8B228 /* Project object */ = {
			isa = PBXProject;
			attributes = {
				LastSwiftUpdateCheck = 0940;
				LastUpgradeCheck = 0940;
				ORGANIZATIONNAME = "Ferlix Yanto Wang";
				TargetAttributes = {
					BA17FF1E213D4ADD00B8B228 = {
						CreatedOnToolsVersion = 9.4.1;
					};
				};
			};
			buildConfigurationList = BA17FF1A213D4ADD00B8B228 /* Build configuration list for PBXProject "Hope-A-Thon" */;
			compatibilityVersion = "Xcode 9.3";
			developmentRegion = en;
			hasScannedForEncodings = 0;
			knownRegions = (
				en,
				Base,
			);
			mainGroup = BA17FF16213D4ADD00B8B228;
			productRefGroup = BA17FF20213D4ADD00B8B228 /* Products */;
			projectDirPath = "";
			projectRoot = "";
			targets = (
				BA17FF1E213D4ADD00B8B228 /* Hope-A-Thon */,
			);
		};
/* End PBXProject section */

/* Begin PBXResourcesBuildPhase section */
		BA17FF1D213D4ADD00B8B228 /* Resources */ = {
			isa = PBXResourcesBuildPhase;
			buildActionMask = 2147483647;
			files = (
				BAEAD631213E66A1004FE7EC /* Bookmark.storyboard in Resources */,
				85A631A1213E4E1C002EECB2 /* NotificationTableViewCell.xib in Resources */,
				26A4DB79213EAC0D00F91964 /* CheckMarkViewCell.xib in Resources */,
				BAEAD632213E66A1004FE7EC /* Profile.storyboard in Resources */,
				BAEAD634213E66A1004FE7EC /* LaunchScreen.storyboard in Resources */,
				BAEAD633213E66A1004FE7EC /* Home.storyboard in Resources */,
				BAEAD635213E66A1004FE7EC /* Main.storyboard in Resources */,
				26A4DB7D213EAC3400F91964 /* Vanessa.storyboard in Resources */,
				BAEAD630213E66A1004FE7EC /* Activity.storyboard in Resources */,
				850668A7213D812000100DB7 /* SignIn.storyboard in Resources */,
				85A631A4213E4E1C002EECB2 /* NotificationTableViewController.xib in Resources */,
				850668BC213D867F00100DB7 /* Assets.xcassets in Resources */,
				BAEAD62F213E66A1004FE7EC /* Search.storyboard in Resources */,
			);
			runOnlyForDeploymentPostprocessing = 0;
		};
/* End PBXResourcesBuildPhase section */

/* Begin PBXSourcesBuildPhase section */
		BA17FF1B213D4ADD00B8B228 /* Sources */ = {
			isa = PBXSourcesBuildPhase;
			buildActionMask = 2147483647;
			files = (
				85A631A3213E4E1C002EECB2 /* NotificationTableViewCell.swift in Sources */,
				85A6318D213E240C002EECB2 /* SignUpEmailVC.swift in Sources */,
				85A631A9213E4ED3002EECB2 /* DummyData.swift in Sources */,
				85A631AB213E5CBA002EECB2 /* SignUpPageViewController.swift in Sources */,
				85A63195213E253A002EECB2 /* SignUpLastVC.swift in Sources */,
				85A63197213E2639002EECB2 /* UserInfo.swift in Sources */,
				452A6D80213E4FC90080D7D3 /* Activity.swift in Sources */,
				BAEAD616213E6619004FE7EC /* HomeViewController.swift in Sources */,
				85396197213EE678009562A2 /* NotificationManager.swift in Sources */,
				26A4DB78213EAC0D00F91964 /* CheckMarkViewCell.swift in Sources */,
				BAEAD613213E6619004FE7EC /* HomeTableViewCell.swift in Sources */,
				85A6318F213E2425002EECB2 /* SignUpPasswordVC.swift in Sources */,
				45292418213F585D005947D3 /* HomeDetailViewController.swift in Sources */,
				8539324A213E08A300936825 /* GradientView.swift in Sources */,
				85A631AD213E82E2002EECB2 /* HopeTextField.swift in Sources */,
				8539324D213E139400936825 /* BaseSignUpViewController.swift in Sources */,
				BAEAD614213E6619004FE7EC /* BookmarkViewController.swift in Sources */,
				85A631B1213EB71A002EECB2 /* NotificationEmbededViewController.swift in Sources */,
				452A6D82213E93AA0080D7D3 /* ProfileViewController.swift in Sources */,
				26A4DB7F213EAC3E00F91964 /* ViewController.swift in Sources */,
				BAEAD639213E745C004FE7EC /* UrgentViewController.swift in Sources */,
				BAEAD612213E6619004FE7EC /* BookmarkTableViewCell.swift in Sources */,
				85A63193213E2442002EECB2 /* SignUpBirthdateVC.swift in Sources */,
				26A4DB7B213EAC0D00F91964 /* TestViewController.swift in Sources */,
				BAEAD617213E6619004FE7EC /* ActivityTableViewCell.swift in Sources */,
				26A4DB7A213EAC0D00F91964 /* DetailViewController.swift in Sources */,
				85A631A5213E4E1C002EECB2 /* NotificationItem.swift in Sources */,
				850668A6213D812000100DB7 /* LoginViewController.swift in Sources */,
				BAEAD611213E6619004FE7EC /* SearchViewController.swift in Sources */,
				85A631A2213E4E1C002EECB2 /* NotificationTableViewController.swift in Sources */,
				BAEAD618213E6619004FE7EC /* SearchTableViewCell.swift in Sources */,
				4529241A213F5E12005947D3 /* PostApplicationViewController.swift in Sources */,
				BAEAD637213E7447004FE7EC /* UrgentPageViewController.swift in Sources */,
				85A6318B213E23E7002EECB2 /* SignUpFullNameVC.swift in Sources */,
				850668BD213D867F00100DB7 /* AppDelegate.swift in Sources */,
				85A63191213E2430002EECB2 /* SignUpGenderVC.swift in Sources */,
				BA17FF2B213D4ADD00B8B228 /* Hope_A_Thon.xcdatamodeld in Sources */,
				BAEAD615213E6619004FE7EC /* ActivityViewController.swift in Sources */,
				BAEAD63B213F104B004FE7EC /* ActivityDetailViewController.swift in Sources */,
				85A631AF213E9B9D002EECB2 /* Extensions.swift in Sources */,
			);
			runOnlyForDeploymentPostprocessing = 0;
		};
/* End PBXSourcesBuildPhase section */

/* Begin XCBuildConfiguration section */
		BA17FF32213D4ADF00B8B228 /* Debug */ = {
			isa = XCBuildConfiguration;
			buildSettings = {
				ALWAYS_SEARCH_USER_PATHS = NO;
				CLANG_ANALYZER_NONNULL = YES;
				CLANG_ANALYZER_NUMBER_OBJECT_CONVERSION = YES_AGGRESSIVE;
				CLANG_CXX_LANGUAGE_STANDARD = "gnu++14";
				CLANG_CXX_LIBRARY = "libc++";
				CLANG_ENABLE_MODULES = YES;
				CLANG_ENABLE_OBJC_ARC = YES;
				CLANG_ENABLE_OBJC_WEAK = YES;
				CLANG_WARN_BLOCK_CAPTURE_AUTORELEASING = YES;
				CLANG_WARN_BOOL_CONVERSION = YES;
				CLANG_WARN_COMMA = YES;
				CLANG_WARN_CONSTANT_CONVERSION = YES;
				CLANG_WARN_DEPRECATED_OBJC_IMPLEMENTATIONS = YES;
				CLANG_WARN_DIRECT_OBJC_ISA_USAGE = YES_ERROR;
				CLANG_WARN_DOCUMENTATION_COMMENTS = YES;
				CLANG_WARN_EMPTY_BODY = YES;
				CLANG_WARN_ENUM_CONVERSION = YES;
				CLANG_WARN_INFINITE_RECURSION = YES;
				CLANG_WARN_INT_CONVERSION = YES;
				CLANG_WARN_NON_LITERAL_NULL_CONVERSION = YES;
				CLANG_WARN_OBJC_IMPLICIT_RETAIN_SELF = YES;
				CLANG_WARN_OBJC_LITERAL_CONVERSION = YES;
				CLANG_WARN_OBJC_ROOT_CLASS = YES_ERROR;
				CLANG_WARN_RANGE_LOOP_ANALYSIS = YES;
				CLANG_WARN_STRICT_PROTOTYPES = YES;
				CLANG_WARN_SUSPICIOUS_MOVE = YES;
				CLANG_WARN_UNGUARDED_AVAILABILITY = YES_AGGRESSIVE;
				CLANG_WARN_UNREACHABLE_CODE = YES;
				CLANG_WARN__DUPLICATE_METHOD_MATCH = YES;
				CODE_SIGN_IDENTITY = "iPhone Developer";
				COPY_PHASE_STRIP = NO;
				DEBUG_INFORMATION_FORMAT = dwarf;
				ENABLE_STRICT_OBJC_MSGSEND = YES;
				ENABLE_TESTABILITY = YES;
				GCC_C_LANGUAGE_STANDARD = gnu11;
				GCC_DYNAMIC_NO_PIC = NO;
				GCC_NO_COMMON_BLOCKS = YES;
				GCC_OPTIMIZATION_LEVEL = 0;
				GCC_PREPROCESSOR_DEFINITIONS = (
					"DEBUG=1",
					"$(inherited)",
				);
				GCC_WARN_64_TO_32_BIT_CONVERSION = YES;
				GCC_WARN_ABOUT_RETURN_TYPE = YES_ERROR;
				GCC_WARN_UNDECLARED_SELECTOR = YES;
				GCC_WARN_UNINITIALIZED_AUTOS = YES_AGGRESSIVE;
				GCC_WARN_UNUSED_FUNCTION = YES;
				GCC_WARN_UNUSED_VARIABLE = YES;
				IPHONEOS_DEPLOYMENT_TARGET = 11.4;
				MTL_ENABLE_DEBUG_INFO = YES;
				ONLY_ACTIVE_ARCH = YES;
				SDKROOT = iphoneos;
				SWIFT_ACTIVE_COMPILATION_CONDITIONS = DEBUG;
				SWIFT_OPTIMIZATION_LEVEL = "-Onone";
			};
			name = Debug;
		};
		BA17FF33213D4ADF00B8B228 /* Release */ = {
			isa = XCBuildConfiguration;
			buildSettings = {
				ALWAYS_SEARCH_USER_PATHS = NO;
				CLANG_ANALYZER_NONNULL = YES;
				CLANG_ANALYZER_NUMBER_OBJECT_CONVERSION = YES_AGGRESSIVE;
				CLANG_CXX_LANGUAGE_STANDARD = "gnu++14";
				CLANG_CXX_LIBRARY = "libc++";
				CLANG_ENABLE_MODULES = YES;
				CLANG_ENABLE_OBJC_ARC = YES;
				CLANG_ENABLE_OBJC_WEAK = YES;
				CLANG_WARN_BLOCK_CAPTURE_AUTORELEASING = YES;
				CLANG_WARN_BOOL_CONVERSION = YES;
				CLANG_WARN_COMMA = YES;
				CLANG_WARN_CONSTANT_CONVERSION = YES;
				CLANG_WARN_DEPRECATED_OBJC_IMPLEMENTATIONS = YES;
				CLANG_WARN_DIRECT_OBJC_ISA_USAGE = YES_ERROR;
				CLANG_WARN_DOCUMENTATION_COMMENTS = YES;
				CLANG_WARN_EMPTY_BODY = YES;
				CLANG_WARN_ENUM_CONVERSION = YES;
				CLANG_WARN_INFINITE_RECURSION = YES;
				CLANG_WARN_INT_CONVERSION = YES;
				CLANG_WARN_NON_LITERAL_NULL_CONVERSION = YES;
				CLANG_WARN_OBJC_IMPLICIT_RETAIN_SELF = YES;
				CLANG_WARN_OBJC_LITERAL_CONVERSION = YES;
				CLANG_WARN_OBJC_ROOT_CLASS = YES_ERROR;
				CLANG_WARN_RANGE_LOOP_ANALYSIS = YES;
				CLANG_WARN_STRICT_PROTOTYPES = YES;
				CLANG_WARN_SUSPICIOUS_MOVE = YES;
				CLANG_WARN_UNGUARDED_AVAILABILITY = YES_AGGRESSIVE;
				CLANG_WARN_UNREACHABLE_CODE = YES;
				CLANG_WARN__DUPLICATE_METHOD_MATCH = YES;
				CODE_SIGN_IDENTITY = "iPhone Developer";
				COPY_PHASE_STRIP = NO;
				DEBUG_INFORMATION_FORMAT = "dwarf-with-dsym";
				ENABLE_NS_ASSERTIONS = NO;
				ENABLE_STRICT_OBJC_MSGSEND = YES;
				GCC_C_LANGUAGE_STANDARD = gnu11;
				GCC_NO_COMMON_BLOCKS = YES;
				GCC_WARN_64_TO_32_BIT_CONVERSION = YES;
				GCC_WARN_ABOUT_RETURN_TYPE = YES_ERROR;
				GCC_WARN_UNDECLARED_SELECTOR = YES;
				GCC_WARN_UNINITIALIZED_AUTOS = YES_AGGRESSIVE;
				GCC_WARN_UNUSED_FUNCTION = YES;
				GCC_WARN_UNUSED_VARIABLE = YES;
				IPHONEOS_DEPLOYMENT_TARGET = 11.4;
				MTL_ENABLE_DEBUG_INFO = NO;
				SDKROOT = iphoneos;
				SWIFT_COMPILATION_MODE = wholemodule;
				SWIFT_OPTIMIZATION_LEVEL = "-O";
				VALIDATE_PRODUCT = YES;
			};
			name = Release;
		};
		BA17FF35213D4ADF00B8B228 /* Debug */ = {
			isa = XCBuildConfiguration;
			buildSettings = {
				ASSETCATALOG_COMPILER_APPICON_NAME = AppIcon;
				CODE_SIGN_STYLE = Automatic;
				DEVELOPMENT_TEAM = W7GMLURGAQ;
				INFOPLIST_FILE = "Hope-A-Thon/Info.plist";
				LD_RUNPATH_SEARCH_PATHS = (
					"$(inherited)",
					"@executable_path/Frameworks",
				);
				PRODUCT_BUNDLE_IDENTIFIER = "Ferlix.Hope-A-Thon";
				PRODUCT_NAME = "$(TARGET_NAME)";
				SWIFT_VERSION = 4.0;
				TARGETED_DEVICE_FAMILY = "1,2";
			};
			name = Debug;
		};
		BA17FF36213D4ADF00B8B228 /* Release */ = {
			isa = XCBuildConfiguration;
			buildSettings = {
				ASSETCATALOG_COMPILER_APPICON_NAME = AppIcon;
				CODE_SIGN_STYLE = Automatic;
				DEVELOPMENT_TEAM = W7GMLURGAQ;
				INFOPLIST_FILE = "Hope-A-Thon/Info.plist";
				LD_RUNPATH_SEARCH_PATHS = (
					"$(inherited)",
					"@executable_path/Frameworks",
				);
				PRODUCT_BUNDLE_IDENTIFIER = "Ferlix.Hope-A-Thon";
				PRODUCT_NAME = "$(TARGET_NAME)";
				SWIFT_VERSION = 4.0;
				TARGETED_DEVICE_FAMILY = "1,2";
			};
			name = Release;
		};
/* End XCBuildConfiguration section */

/* Begin XCConfigurationList section */
		BA17FF1A213D4ADD00B8B228 /* Build configuration list for PBXProject "Hope-A-Thon" */ = {
			isa = XCConfigurationList;
			buildConfigurations = (
				BA17FF32213D4ADF00B8B228 /* Debug */,
				BA17FF33213D4ADF00B8B228 /* Release */,
			);
			defaultConfigurationIsVisible = 0;
			defaultConfigurationName = Release;
		};
		BA17FF34213D4ADF00B8B228 /* Build configuration list for PBXNativeTarget "Hope-A-Thon" */ = {
			isa = XCConfigurationList;
			buildConfigurations = (
				BA17FF35213D4ADF00B8B228 /* Debug */,
				BA17FF36213D4ADF00B8B228 /* Release */,
			);
			defaultConfigurationIsVisible = 0;
			defaultConfigurationName = Release;
		};
/* End XCConfigurationList section */

/* Begin XCVersionGroup section */
		BA17FF29213D4ADD00B8B228 /* Hope_A_Thon.xcdatamodeld */ = {
			isa = XCVersionGroup;
			children = (
				BA17FF2A213D4ADD00B8B228 /* Hope_A_Thon.xcdatamodel */,
			);
			currentVersion = BA17FF2A213D4ADD00B8B228 /* Hope_A_Thon.xcdatamodel */;
			path = Hope_A_Thon.xcdatamodeld;
			sourceTree = "<group>";
			versionGroupType = wrapper.xcdatamodel;
		};
/* End XCVersionGroup section */
	};
	rootObject = BA17FF17213D4ADD00B8B228 /* Project object */;
}
